
Microsoft Visual Studio Solution File, Format Version 12.00
# Visual Studio Version 16
VisualStudioVersion = 16.0.31702.278
MinimumVisualStudioVersion = 10.0.40219.1
Project("{8BC9CEB8-8B4A-11D0-8D11-00A0C91BC942}") = "S08", "S08.vcxproj", "{F8F08426-3C5B-423B-970D-646A5695AAE8}"
EndProject
Global
	GlobalSection(SolutionConfigurationPlatforms) = preSolution
		Debug|x64 = Debug|x64
		Debug|x86 = Debug|x86
		Release|x64 = Release|x64
		Release|x86 = Release|x86
	EndGlobalSection
	GlobalSection(ProjectConfigurationPlatforms) = postSolution
		{F8F08426-3C5B-423B-970D-646A5695AAE8}.Debug|x64.ActiveCfg = Debug|x64
		{F8F08426-3C5B-423B-970D-646A5695AAE8}.Debug|x64.Build.0 = Debug|x64
		{F8F08426-3C5B-423B-970D-646A5695AAE8}.Debug|x86.ActiveCfg = Debug|Win32
		{F8F08426-3C5B-423B-970D-646A5695AAE8}.Debug|x86.Build.0 = Debug|Win32
		{F8F08426-3C5B-423B-970D-646A5695AAE8}.Release|x64.ActiveCfg = Release|x64
		{F8F08426-3C5B-423B-970D-646A5695AAE8}.Release|x64.Build.0 = Release|x64
		{F8F08426-3C5B-423B-970D-646A5695AAE8}.Release|x86.ActiveCfg = Release|Win32
		{F8F08426-3C5B-423B-970D-646A5695AAE8}.Release|x86.Build.0 = Release|Win32
	EndGlobalSection
	GlobalSection(SolutionProperties) = preSolution
		HideSolutionNode = FALSE
	EndGlobalSection
	GlobalSection(ExtensibilityGlobals) = postSolution
		SolutionGuid = {E22D99A0-C5FE-4BC0-83B6-52CA9D2A0C77}
	EndGlobalSection
EndGlobal
