
Microsoft Visual Studio Solution File, Format Version 12.00
# Visual Studio Version 16
VisualStudioVersion = 16.0.31702.278
MinimumVisualStudioVersion = 10.0.40219.1
Project("{8BC9CEB8-8B4A-11D0-8D11-00A0C91BC942}") = "S05", "S05.vcxproj", "{0D6D24DF-916E-42BD-ABA6-A73CC58E1A79}"
EndProject
Global
	GlobalSection(SolutionConfigurationPlatforms) = preSolution
		Debug|x64 = Debug|x64
		Debug|x86 = Debug|x86
		Release|x64 = Release|x64
		Release|x86 = Release|x86
	EndGlobalSection
	GlobalSection(ProjectConfigurationPlatforms) = postSolution
		{0D6D24DF-916E-42BD-ABA6-A73CC58E1A79}.Debug|x64.ActiveCfg = Debug|x64
		{0D6D24DF-916E-42BD-ABA6-A73CC58E1A79}.Debug|x64.Build.0 = Debug|x64
		{0D6D24DF-916E-42BD-ABA6-A73CC58E1A79}.Debug|x86.ActiveCfg = Debug|Win32
		{0D6D24DF-916E-42BD-ABA6-A73CC58E1A79}.Debug|x86.Build.0 = Debug|Win32
		{0D6D24DF-916E-42BD-ABA6-A73CC58E1A79}.Release|x64.ActiveCfg = Release|x64
		{0D6D24DF-916E-42BD-ABA6-A73CC58E1A79}.Release|x64.Build.0 = Release|x64
		{0D6D24DF-916E-42BD-ABA6-A73CC58E1A79}.Release|x86.ActiveCfg = Release|Win32
		{0D6D24DF-916E-42BD-ABA6-A73CC58E1A79}.Release|x86.Build.0 = Release|Win32
	EndGlobalSection
	GlobalSection(SolutionProperties) = preSolution
		HideSolutionNode = FALSE
	EndGlobalSection
	GlobalSection(ExtensibilityGlobals) = postSolution
		SolutionGuid = {F874B588-7F44-423E-AD06-4FC54DCAD4C9}
	EndGlobalSection
EndGlobal
