
Microsoft Visual Studio Solution File, Format Version 12.00
# Visual Studio Version 16
VisualStudioVersion = 16.0.31702.278
MinimumVisualStudioVersion = 10.0.40219.1
Project("{8BC9CEB8-8B4A-11D0-8D11-00A0C91BC942}") = "S06", "S06.vcxproj", "{9972BEE6-B83D-4A44-9D0E-ABCAACEBC48A}"
EndProject
Global
	GlobalSection(SolutionConfigurationPlatforms) = preSolution
		Debug|x64 = Debug|x64
		Debug|x86 = Debug|x86
		Release|x64 = Release|x64
		Release|x86 = Release|x86
	EndGlobalSection
	GlobalSection(ProjectConfigurationPlatforms) = postSolution
		{9972BEE6-B83D-4A44-9D0E-ABCAACEBC48A}.Debug|x64.ActiveCfg = Debug|x64
		{9972BEE6-B83D-4A44-9D0E-ABCAACEBC48A}.Debug|x64.Build.0 = Debug|x64
		{9972BEE6-B83D-4A44-9D0E-ABCAACEBC48A}.Debug|x86.ActiveCfg = Debug|Win32
		{9972BEE6-B83D-4A44-9D0E-ABCAACEBC48A}.Debug|x86.Build.0 = Debug|Win32
		{9972BEE6-B83D-4A44-9D0E-ABCAACEBC48A}.Release|x64.ActiveCfg = Release|x64
		{9972BEE6-B83D-4A44-9D0E-ABCAACEBC48A}.Release|x64.Build.0 = Release|x64
		{9972BEE6-B83D-4A44-9D0E-ABCAACEBC48A}.Release|x86.ActiveCfg = Release|Win32
		{9972BEE6-B83D-4A44-9D0E-ABCAACEBC48A}.Release|x86.Build.0 = Release|Win32
	EndGlobalSection
	GlobalSection(SolutionProperties) = preSolution
		HideSolutionNode = FALSE
	EndGlobalSection
	GlobalSection(ExtensibilityGlobals) = postSolution
		SolutionGuid = {EB9FEBE2-0B28-402A-A6EB-39A5DA4027C7}
	EndGlobalSection
EndGlobal
