
Microsoft Visual Studio Solution File, Format Version 12.00
# Visual Studio Version 16
VisualStudioVersion = 16.0.31702.278
MinimumVisualStudioVersion = 10.0.40219.1
Project("{8BC9CEB8-8B4A-11D0-8D11-00A0C91BC942}") = "S11", "S11.vcxproj", "{5B363173-4465-40B7-9730-8ECB24E2496A}"
EndProject
Global
	GlobalSection(SolutionConfigurationPlatforms) = preSolution
		Debug|x64 = Debug|x64
		Debug|x86 = Debug|x86
		Release|x64 = Release|x64
		Release|x86 = Release|x86
	EndGlobalSection
	GlobalSection(ProjectConfigurationPlatforms) = postSolution
		{5B363173-4465-40B7-9730-8ECB24E2496A}.Debug|x64.ActiveCfg = Debug|x64
		{5B363173-4465-40B7-9730-8ECB24E2496A}.Debug|x64.Build.0 = Debug|x64
		{5B363173-4465-40B7-9730-8ECB24E2496A}.Debug|x86.ActiveCfg = Debug|Win32
		{5B363173-4465-40B7-9730-8ECB24E2496A}.Debug|x86.Build.0 = Debug|Win32
		{5B363173-4465-40B7-9730-8ECB24E2496A}.Release|x64.ActiveCfg = Release|x64
		{5B363173-4465-40B7-9730-8ECB24E2496A}.Release|x64.Build.0 = Release|x64
		{5B363173-4465-40B7-9730-8ECB24E2496A}.Release|x86.ActiveCfg = Release|Win32
		{5B363173-4465-40B7-9730-8ECB24E2496A}.Release|x86.Build.0 = Release|Win32
	EndGlobalSection
	GlobalSection(SolutionProperties) = preSolution
		HideSolutionNode = FALSE
	EndGlobalSection
	GlobalSection(ExtensibilityGlobals) = postSolution
		SolutionGuid = {A10AB71D-DD96-412E-83C7-251C67F95625}
	EndGlobalSection
EndGlobal
