
Microsoft Visual Studio Solution File, Format Version 12.00
# Visual Studio Version 16
VisualStudioVersion = 16.0.31702.278
MinimumVisualStudioVersion = 10.0.40219.1
Project("{8BC9CEB8-8B4A-11D0-8D11-00A0C91BC942}") = "S03", "S03.vcxproj", "{554F6EAC-7CDD-4E8B-9552-A369B5EFA3CB}"
EndProject
Global
	GlobalSection(SolutionConfigurationPlatforms) = preSolution
		Debug|x64 = Debug|x64
		Debug|x86 = Debug|x86
		Release|x64 = Release|x64
		Release|x86 = Release|x86
	EndGlobalSection
	GlobalSection(ProjectConfigurationPlatforms) = postSolution
		{554F6EAC-7CDD-4E8B-9552-A369B5EFA3CB}.Debug|x64.ActiveCfg = Debug|x64
		{554F6EAC-7CDD-4E8B-9552-A369B5EFA3CB}.Debug|x64.Build.0 = Debug|x64
		{554F6EAC-7CDD-4E8B-9552-A369B5EFA3CB}.Debug|x86.ActiveCfg = Debug|Win32
		{554F6EAC-7CDD-4E8B-9552-A369B5EFA3CB}.Debug|x86.Build.0 = Debug|Win32
		{554F6EAC-7CDD-4E8B-9552-A369B5EFA3CB}.Release|x64.ActiveCfg = Release|x64
		{554F6EAC-7CDD-4E8B-9552-A369B5EFA3CB}.Release|x64.Build.0 = Release|x64
		{554F6EAC-7CDD-4E8B-9552-A369B5EFA3CB}.Release|x86.ActiveCfg = Release|Win32
		{554F6EAC-7CDD-4E8B-9552-A369B5EFA3CB}.Release|x86.Build.0 = Release|Win32
	EndGlobalSection
	GlobalSection(SolutionProperties) = preSolution
		HideSolutionNode = FALSE
	EndGlobalSection
	GlobalSection(ExtensibilityGlobals) = postSolution
		SolutionGuid = {C40F8C22-8151-4ED0-9107-4DEFDCA90CE8}
	EndGlobalSection
EndGlobal
