
Microsoft Visual Studio Solution File, Format Version 12.00
# Visual Studio Version 16
VisualStudioVersion = 16.0.31702.278
MinimumVisualStudioVersion = 10.0.40219.1
Project("{8BC9CEB8-8B4A-11D0-8D11-00A0C91BC942}") = "S01", "S01.vcxproj", "{AAC6EF80-6931-4512-A0D8-97D044948801}"
EndProject
Global
	GlobalSection(SolutionConfigurationPlatforms) = preSolution
		Debug|x64 = Debug|x64
		Debug|x86 = Debug|x86
		Release|x64 = Release|x64
		Release|x86 = Release|x86
	EndGlobalSection
	GlobalSection(ProjectConfigurationPlatforms) = postSolution
		{AAC6EF80-6931-4512-A0D8-97D044948801}.Debug|x64.ActiveCfg = Debug|x64
		{AAC6EF80-6931-4512-A0D8-97D044948801}.Debug|x64.Build.0 = Debug|x64
		{AAC6EF80-6931-4512-A0D8-97D044948801}.Debug|x86.ActiveCfg = Debug|Win32
		{AAC6EF80-6931-4512-A0D8-97D044948801}.Debug|x86.Build.0 = Debug|Win32
		{AAC6EF80-6931-4512-A0D8-97D044948801}.Release|x64.ActiveCfg = Release|x64
		{AAC6EF80-6931-4512-A0D8-97D044948801}.Release|x64.Build.0 = Release|x64
		{AAC6EF80-6931-4512-A0D8-97D044948801}.Release|x86.ActiveCfg = Release|Win32
		{AAC6EF80-6931-4512-A0D8-97D044948801}.Release|x86.Build.0 = Release|Win32
	EndGlobalSection
	GlobalSection(SolutionProperties) = preSolution
		HideSolutionNode = FALSE
	EndGlobalSection
	GlobalSection(ExtensibilityGlobals) = postSolution
		SolutionGuid = {A86A8A5C-2E59-40D6-8057-8A7B9FFB2B89}
	EndGlobalSection
EndGlobal
